
Microsoft Visual Studio Solution File, Format Version 12.00
# Visual Studio Version 17
VisualStudioVersion = 17.6.33829.357
MinimumVisualStudioVersion = 10.0.40219.1
Project("{9A19103F-16F7-4668-BE54-9A1E7A4F7556}") = "API", "API\API.csproj", "{0A84D10C-A9C8-48EA-B3B9-18D2DF1B306C}"
EndProject
Project("{9A19103F-16F7-4668-BE54-9A1E7A4F7556}") = "Core", "Core\Core.csproj", "{29C8D1BE-8A8F-4492-B9ED-A21E94BCFCC5}"
EndProject
Project("{9A19103F-16F7-4668-BE54-9A1E7A4F7556}") = "IndentityServer", "..\Auth\IndentityServer\IndentityServer.csproj", "{FC1A6B99-478F-4CCE-9D75-AC2546616835}"
EndProject
Global
	GlobalSection(SolutionConfigurationPlatforms) = preSolution
		Debug|Any CPU = Debug|Any CPU
		Release|Any CPU = Release|Any CPU
	EndGlobalSection
	GlobalSection(ProjectConfigurationPlatforms) = postSolution
		{0A84D10C-A9C8-48EA-B3B9-18D2DF1B306C}.Debug|Any CPU.ActiveCfg = Debug|Any CPU
		{0A84D10C-A9C8-48EA-B3B9-18D2DF1B306C}.Debug|Any CPU.Build.0 = Debug|Any CPU
		{0A84D10C-A9C8-48EA-B3B9-18D2DF1B306C}.Release|Any CPU.ActiveCfg = Release|Any CPU
		{0A84D10C-A9C8-48EA-B3B9-18D2DF1B306C}.Release|Any CPU.Build.0 = Release|Any CPU
		{29C8D1BE-8A8F-4492-B9ED-A21E94BCFCC5}.Debug|Any CPU.ActiveCfg = Debug|Any CPU
		{29C8D1BE-8A8F-4492-B9ED-A21E94BCFCC5}.Debug|Any CPU.Build.0 = Debug|Any CPU
		{29C8D1BE-8A8F-4492-B9ED-A21E94BCFCC5}.Release|Any CPU.ActiveCfg = Release|Any CPU
		{29C8D1BE-8A8F-4492-B9ED-A21E94BCFCC5}.Release|Any CPU.Build.0 = Release|Any CPU
		{FC1A6B99-478F-4CCE-9D75-AC2546616835}.Debug|Any CPU.ActiveCfg = Debug|Any CPU
		{FC1A6B99-478F-4CCE-9D75-AC2546616835}.Debug|Any CPU.Build.0 = Debug|Any CPU
		{FC1A6B99-478F-4CCE-9D75-AC2546616835}.Release|Any CPU.ActiveCfg = Release|Any CPU
		{FC1A6B99-478F-4CCE-9D75-AC2546616835}.Release|Any CPU.Build.0 = Release|Any CPU
	EndGlobalSection
	GlobalSection(SolutionProperties) = preSolution
		HideSolutionNode = FALSE
	EndGlobalSection
	GlobalSection(ExtensibilityGlobals) = postSolution
		SolutionGuid = {DC17A96B-946C-452A-96A8-F30AA230BB8C}
	EndGlobalSection
EndGlobal
